
Microsoft Visual Studio Solution File, Format Version 12.00
# Visual Studio 15
VisualStudioVersion = 15.0.27703.2035
MinimumVisualStudioVersion = 10.0.40219.1
Project("{FAE04EC0-301F-11D3-BF4B-00C04F79EFBC}") = "Moviely", "Moviely\Moviely.csproj", "{4D62B279-92E8-4661-A36F-8A5ABF669DD4}"
EndProject
Global
	GlobalSection(SolutionConfigurationPlatforms) = preSolution
		Debug|Any CPU = Debug|Any CPU
		Release|Any CPU = Release|Any CPU
	EndGlobalSection
	GlobalSection(ProjectConfigurationPlatforms) = postSolution
		{4D62B279-92E8-4661-A36F-8A5ABF669DD4}.Debug|Any CPU.ActiveCfg = Debug|Any CPU
		{4D62B279-92E8-4661-A36F-8A5ABF669DD4}.Debug|Any CPU.Build.0 = Debug|Any CPU
		{4D62B279-92E8-4661-A36F-8A5ABF669DD4}.Release|Any CPU.ActiveCfg = Release|Any CPU
		{4D62B279-92E8-4661-A36F-8A5ABF669DD4}.Release|Any CPU.Build.0 = Release|Any CPU
	EndGlobalSection
	GlobalSection(SolutionProperties) = preSolution
		HideSolutionNode = FALSE
	EndGlobalSection
	GlobalSection(ExtensibilityGlobals) = postSolution
		SolutionGuid = {19B47844-CDAB-4B9F-8BCB-8D4E3E7DEC6F}
	EndGlobalSection
EndGlobal
